
Microsoft Visual Studio Solution File, Format Version 12.00
Project("{F2A71F9B-5D33-465A-A702-920D77279786}") = "TypeInjections", "TypeInjections\TypeInjections.fsproj", "{464C0F5E-9DD9-4A43-A5F7-DACA2C403BC1}"
EndProject
Project("{F2A71F9B-5D33-465A-A702-920D77279786}") = "TypeInjections.Test", "TypeInjections.Test\TypeInjections.Test.fsproj", "{E5C31F7E-4EBB-48F1-BA22-AA1313E9A31E}"
EndProject
Project("{F2A71F9B-5D33-465A-A702-920D77279786}") = "Tool", "Tool\Tool.fsproj", "{79ADC11B-2A5B-4CE6-9D3D-7F99050C79A0}"
EndProject
Project("{F2A71F9B-5D33-465A-A702-920D77279786}") = "Tool.Test", "Tool.Test\Tool.Test.fsproj", "{8A4F91FD-2D0E-4505-9C08-0C78BD6C48B3}"
EndProject
Project("{F2A71F9B-5D33-465A-A702-920D77279786}") = "Template.Test", "Template.Test\Template.Test.fsproj", "{FE767FFA-CFC3-4AE6-A63F-BD4ED3298697}"
EndProject
Global
	GlobalSection(SolutionConfigurationPlatforms) = preSolution
		Debug|Any CPU = Debug|Any CPU
		Release|Any CPU = Release|Any CPU
	EndGlobalSection
	GlobalSection(ProjectConfigurationPlatforms) = postSolution
		{464C0F5E-9DD9-4A43-A5F7-DACA2C403BC1}.Debug|Any CPU.ActiveCfg = Debug|Any CPU
		{464C0F5E-9DD9-4A43-A5F7-DACA2C403BC1}.Debug|Any CPU.Build.0 = Debug|Any CPU
		{464C0F5E-9DD9-4A43-A5F7-DACA2C403BC1}.Release|Any CPU.ActiveCfg = Release|Any CPU
		{464C0F5E-9DD9-4A43-A5F7-DACA2C403BC1}.Release|Any CPU.Build.0 = Release|Any CPU
		{E5C31F7E-4EBB-48F1-BA22-AA1313E9A31E}.Debug|Any CPU.ActiveCfg = Debug|Any CPU
		{E5C31F7E-4EBB-48F1-BA22-AA1313E9A31E}.Debug|Any CPU.Build.0 = Debug|Any CPU
		{E5C31F7E-4EBB-48F1-BA22-AA1313E9A31E}.Release|Any CPU.ActiveCfg = Release|Any CPU
		{E5C31F7E-4EBB-48F1-BA22-AA1313E9A31E}.Release|Any CPU.Build.0 = Release|Any CPU
		{79ADC11B-2A5B-4CE6-9D3D-7F99050C79A0}.Debug|Any CPU.ActiveCfg = Debug|Any CPU
		{79ADC11B-2A5B-4CE6-9D3D-7F99050C79A0}.Debug|Any CPU.Build.0 = Debug|Any CPU
		{79ADC11B-2A5B-4CE6-9D3D-7F99050C79A0}.Release|Any CPU.ActiveCfg = Release|Any CPU
		{79ADC11B-2A5B-4CE6-9D3D-7F99050C79A0}.Release|Any CPU.Build.0 = Release|Any CPU
		{8A4F91FD-2D0E-4505-9C08-0C78BD6C48B3}.Debug|Any CPU.ActiveCfg = Debug|Any CPU
		{8A4F91FD-2D0E-4505-9C08-0C78BD6C48B3}.Debug|Any CPU.Build.0 = Debug|Any CPU
		{8A4F91FD-2D0E-4505-9C08-0C78BD6C48B3}.Release|Any CPU.ActiveCfg = Release|Any CPU
		{8A4F91FD-2D0E-4505-9C08-0C78BD6C48B3}.Release|Any CPU.Build.0 = Release|Any CPU
		{FE767FFA-CFC3-4AE6-A63F-BD4ED3298697}.Debug|Any CPU.ActiveCfg = Debug|Any CPU
		{FE767FFA-CFC3-4AE6-A63F-BD4ED3298697}.Debug|Any CPU.Build.0 = Debug|Any CPU
		{FE767FFA-CFC3-4AE6-A63F-BD4ED3298697}.Release|Any CPU.ActiveCfg = Release|Any CPU
		{FE767FFA-CFC3-4AE6-A63F-BD4ED3298697}.Release|Any CPU.Build.0 = Release|Any CPU
	EndGlobalSection
EndGlobal
